
Microsoft Visual Studio Solution File, Format Version 12.00
Project("{FAE04EC0-301F-11D3-BF4B-00C04F79EFBC}") = "WebApi", "WebApi\WebApi.csproj", "{82E092BA-3F80-4CA9-A637-5FB1C7F3D3CC}"
EndProject
Project("{FAE04EC0-301F-11D3-BF4B-00C04F79EFBC}") = "Application", "Application\Application.csproj", "{ED26DC42-B32E-4CD6-B9F4-8EAEA74BCD93}"
EndProject
Project("{FAE04EC0-301F-11D3-BF4B-00C04F79EFBC}") = "Domain", "Domain\Domain.csproj", "{3EEE3E75-CF86-4A13-9282-CF171EA5C2AC}"
EndProject
Project("{FAE04EC0-301F-11D3-BF4B-00C04F79EFBC}") = "Infrastructure", "Infrastructure\Infrastructure.csproj", "{A3110A7B-82D9-4D77-B4FF-4BCEA6CC14AE}"
EndProject
Project("{FAE04EC0-301F-11D3-BF4B-00C04F79EFBC}") = "AppHost", "AppHost\AppHost.csproj", "{DD4E75F5-95E4-4316-8854-B1A0AAD3FE51}"
EndProject
Project("{2150E333-8FDC-42A3-9474-1A3956D46DE8}") = "tests", "tests", "{7D7FBC3E-B54B-411D-879F-0A68A8E032A2}"
EndProject
Project("{FAE04EC0-301F-11D3-BF4B-00C04F79EFBC}") = "UserTest", "UserTest\UserTest.csproj", "{7E63BEF5-F377-42B6-9FCC-002FA56B32EB}"
EndProject
Project("{2150E333-8FDC-42A3-9474-1A3956D46DE8}") = "src", "src", "{17AF64F6-71E9-4B86-BE2A-C912DEF0157D}"
EndProject
Project("{2150E333-8FDC-42A3-9474-1A3956D46DE8}") = "ui", "ui", "{84D49D5D-CFC7-4256-AB46-E1047DF059CE}"
EndProject
Project("{FAE04EC0-301F-11D3-BF4B-00C04F79EFBC}") = "MudBlazorWeb", "MudBlazorWeb\MudBlazorWeb.csproj", "{E7584D48-90C2-4F01-915E-A6AF0493BD2E}"
EndProject
Global
	GlobalSection(SolutionConfigurationPlatforms) = preSolution
		Debug|Any CPU = Debug|Any CPU
		Release|Any CPU = Release|Any CPU
	EndGlobalSection
	GlobalSection(ProjectConfigurationPlatforms) = postSolution
		{82E092BA-3F80-4CA9-A637-5FB1C7F3D3CC}.Debug|Any CPU.ActiveCfg = Debug|Any CPU
		{82E092BA-3F80-4CA9-A637-5FB1C7F3D3CC}.Debug|Any CPU.Build.0 = Debug|Any CPU
		{82E092BA-3F80-4CA9-A637-5FB1C7F3D3CC}.Release|Any CPU.ActiveCfg = Release|Any CPU
		{82E092BA-3F80-4CA9-A637-5FB1C7F3D3CC}.Release|Any CPU.Build.0 = Release|Any CPU
		{ED26DC42-B32E-4CD6-B9F4-8EAEA74BCD93}.Debug|Any CPU.ActiveCfg = Debug|Any CPU
		{ED26DC42-B32E-4CD6-B9F4-8EAEA74BCD93}.Debug|Any CPU.Build.0 = Debug|Any CPU
		{ED26DC42-B32E-4CD6-B9F4-8EAEA74BCD93}.Release|Any CPU.ActiveCfg = Release|Any CPU
		{ED26DC42-B32E-4CD6-B9F4-8EAEA74BCD93}.Release|Any CPU.Build.0 = Release|Any CPU
		{3EEE3E75-CF86-4A13-9282-CF171EA5C2AC}.Debug|Any CPU.ActiveCfg = Debug|Any CPU
		{3EEE3E75-CF86-4A13-9282-CF171EA5C2AC}.Debug|Any CPU.Build.0 = Debug|Any CPU
		{3EEE3E75-CF86-4A13-9282-CF171EA5C2AC}.Release|Any CPU.ActiveCfg = Release|Any CPU
		{3EEE3E75-CF86-4A13-9282-CF171EA5C2AC}.Release|Any CPU.Build.0 = Release|Any CPU
		{A3110A7B-82D9-4D77-B4FF-4BCEA6CC14AE}.Debug|Any CPU.ActiveCfg = Debug|Any CPU
		{A3110A7B-82D9-4D77-B4FF-4BCEA6CC14AE}.Debug|Any CPU.Build.0 = Debug|Any CPU
		{A3110A7B-82D9-4D77-B4FF-4BCEA6CC14AE}.Release|Any CPU.ActiveCfg = Release|Any CPU
		{A3110A7B-82D9-4D77-B4FF-4BCEA6CC14AE}.Release|Any CPU.Build.0 = Release|Any CPU
		{DD4E75F5-95E4-4316-8854-B1A0AAD3FE51}.Debug|Any CPU.ActiveCfg = Debug|Any CPU
		{DD4E75F5-95E4-4316-8854-B1A0AAD3FE51}.Debug|Any CPU.Build.0 = Debug|Any CPU
		{DD4E75F5-95E4-4316-8854-B1A0AAD3FE51}.Release|Any CPU.ActiveCfg = Release|Any CPU
		{DD4E75F5-95E4-4316-8854-B1A0AAD3FE51}.Release|Any CPU.Build.0 = Release|Any CPU
		{7E63BEF5-F377-42B6-9FCC-002FA56B32EB}.Debug|Any CPU.ActiveCfg = Debug|Any CPU
		{7E63BEF5-F377-42B6-9FCC-002FA56B32EB}.Debug|Any CPU.Build.0 = Debug|Any CPU
		{7E63BEF5-F377-42B6-9FCC-002FA56B32EB}.Release|Any CPU.ActiveCfg = Release|Any CPU
		{7E63BEF5-F377-42B6-9FCC-002FA56B32EB}.Release|Any CPU.Build.0 = Release|Any CPU
		{E7584D48-90C2-4F01-915E-A6AF0493BD2E}.Debug|Any CPU.ActiveCfg = Debug|Any CPU
		{E7584D48-90C2-4F01-915E-A6AF0493BD2E}.Debug|Any CPU.Build.0 = Debug|Any CPU
		{E7584D48-90C2-4F01-915E-A6AF0493BD2E}.Release|Any CPU.ActiveCfg = Release|Any CPU
		{E7584D48-90C2-4F01-915E-A6AF0493BD2E}.Release|Any CPU.Build.0 = Release|Any CPU
	EndGlobalSection
	GlobalSection(NestedProjects) = preSolution
		{7E63BEF5-F377-42B6-9FCC-002FA56B32EB} = {7D7FBC3E-B54B-411D-879F-0A68A8E032A2}
		{DD4E75F5-95E4-4316-8854-B1A0AAD3FE51} = {17AF64F6-71E9-4B86-BE2A-C912DEF0157D}
		{ED26DC42-B32E-4CD6-B9F4-8EAEA74BCD93} = {17AF64F6-71E9-4B86-BE2A-C912DEF0157D}
		{3EEE3E75-CF86-4A13-9282-CF171EA5C2AC} = {17AF64F6-71E9-4B86-BE2A-C912DEF0157D}
		{A3110A7B-82D9-4D77-B4FF-4BCEA6CC14AE} = {17AF64F6-71E9-4B86-BE2A-C912DEF0157D}
		{82E092BA-3F80-4CA9-A637-5FB1C7F3D3CC} = {17AF64F6-71E9-4B86-BE2A-C912DEF0157D}
		{E7584D48-90C2-4F01-915E-A6AF0493BD2E} = {84D49D5D-CFC7-4256-AB46-E1047DF059CE}
	EndGlobalSection
EndGlobal
